
Microsoft Visual Studio Solution File, Format Version 12.00
# Visual Studio Version 17
VisualStudioVersion = 17.8.34316.72
MinimumVisualStudioVersion = 10.0.40219.1
Project("{FAE04EC0-301F-11D3-BF4B-00C04F79EFBC}") = "NetChallenge.API", "NetChallenge\NetChallenge.API.csproj", "{15EA5368-F6FD-42F2-9D49-DC7A49D8B7C6}"
EndProject
Project("{FAE04EC0-301F-11D3-BF4B-00C04F79EFBC}") = "NetChallenge.Application", "NetChallenge.Application\NetChallenge.Application.csproj", "{BC41A92C-E808-4AD9-BB0B-9DED37EEB433}"
EndProject
Project("{FAE04EC0-301F-11D3-BF4B-00C04F79EFBC}") = "NetChallenge.Domain", "NetChallenge.Domain\NetChallenge.Domain.csproj", "{8052490B-31B7-44BD-B81B-4CD0A1290460}"
EndProject
Project("{FAE04EC0-301F-11D3-BF4B-00C04F79EFBC}") = "NetChallenge.Infrastructure", "NetChallenge.Infrastructure\NetChallenge.Infrastructure.csproj", "{F02AA3B2-7467-4919-B931-B79331E3498B}"
EndProject
Project("{FAE04EC0-301F-11D3-BF4B-00C04F79EFBC}") = "NetChallenge.Test", "NetChallenge.Test\NetChallenge.Test.csproj", "{80DD3268-0532-4135-8745-5CF4EBBC1CD7}"
EndProject
Global
	GlobalSection(SolutionConfigurationPlatforms) = preSolution
		Debug|Any CPU = Debug|Any CPU
		Release|Any CPU = Release|Any CPU
	EndGlobalSection
	GlobalSection(ProjectConfigurationPlatforms) = postSolution
		{15EA5368-F6FD-42F2-9D49-DC7A49D8B7C6}.Debug|Any CPU.ActiveCfg = Debug|Any CPU
		{15EA5368-F6FD-42F2-9D49-DC7A49D8B7C6}.Debug|Any CPU.Build.0 = Debug|Any CPU
		{15EA5368-F6FD-42F2-9D49-DC7A49D8B7C6}.Release|Any CPU.ActiveCfg = Release|Any CPU
		{15EA5368-F6FD-42F2-9D49-DC7A49D8B7C6}.Release|Any CPU.Build.0 = Release|Any CPU
		{BC41A92C-E808-4AD9-BB0B-9DED37EEB433}.Debug|Any CPU.ActiveCfg = Debug|Any CPU
		{BC41A92C-E808-4AD9-BB0B-9DED37EEB433}.Debug|Any CPU.Build.0 = Debug|Any CPU
		{BC41A92C-E808-4AD9-BB0B-9DED37EEB433}.Release|Any CPU.ActiveCfg = Release|Any CPU
		{BC41A92C-E808-4AD9-BB0B-9DED37EEB433}.Release|Any CPU.Build.0 = Release|Any CPU
		{8052490B-31B7-44BD-B81B-4CD0A1290460}.Debug|Any CPU.ActiveCfg = Debug|Any CPU
		{8052490B-31B7-44BD-B81B-4CD0A1290460}.Debug|Any CPU.Build.0 = Debug|Any CPU
		{8052490B-31B7-44BD-B81B-4CD0A1290460}.Release|Any CPU.ActiveCfg = Release|Any CPU
		{8052490B-31B7-44BD-B81B-4CD0A1290460}.Release|Any CPU.Build.0 = Release|Any CPU
		{F02AA3B2-7467-4919-B931-B79331E3498B}.Debug|Any CPU.ActiveCfg = Debug|Any CPU
		{F02AA3B2-7467-4919-B931-B79331E3498B}.Debug|Any CPU.Build.0 = Debug|Any CPU
		{F02AA3B2-7467-4919-B931-B79331E3498B}.Release|Any CPU.ActiveCfg = Release|Any CPU
		{F02AA3B2-7467-4919-B931-B79331E3498B}.Release|Any CPU.Build.0 = Release|Any CPU
		{80DD3268-0532-4135-8745-5CF4EBBC1CD7}.Debug|Any CPU.ActiveCfg = Debug|Any CPU
		{80DD3268-0532-4135-8745-5CF4EBBC1CD7}.Debug|Any CPU.Build.0 = Debug|Any CPU
		{80DD3268-0532-4135-8745-5CF4EBBC1CD7}.Release|Any CPU.ActiveCfg = Release|Any CPU
		{80DD3268-0532-4135-8745-5CF4EBBC1CD7}.Release|Any CPU.Build.0 = Release|Any CPU
	EndGlobalSection
	GlobalSection(SolutionProperties) = preSolution
		HideSolutionNode = FALSE
	EndGlobalSection
	GlobalSection(ExtensibilityGlobals) = postSolution
		SolutionGuid = {CDD95813-6C70-4D0D-A5FA-F341E93A3DDF}
	EndGlobalSection
EndGlobal
